PODS:
  - AiactivUniversalSDK (0.1.0):
    - GoogleAds-IMA-iOS-SDK
  - GoogleAds-IMA-iOS-SDK (3.14.5)

DEPENDENCIES:
  - AiactivUniversalSDK (= 0.1.0)

SPEC REPOS:
  trunk:
    - AiactivUniversalSDK
    - GoogleAds-IMA-iOS-SDK

SPEC CHECKSUMS:
  AiactivUniversalSDK: 779f19575f884db721088a6a62b2e1d2fd4fccf8
  GoogleAds-IMA-iOS-SDK: b088674002266c5638e73d10696c8b13872ee15e

PODFILE CHECKSUM: 9e30335e1bd3c6d30ba5bc72628c20617664f7d1

COCOAPODS: 1.12.0
